PODS:
  - PayPlugin (0.2.0):
    - SYWechatOpenSDK
  - SYWechatOpenSDK (1.7.9)

DEPENDENCIES:
  - PayPlugin (from `../`)

SPEC REPOS:
  https://github.com/cocoapods/specs.git:
    - SYWechatOpenSDK

EXTERNAL SOURCES:
  PayPlugin:
    :path: "../"

SPEC CHECKSUMS:
  PayPlugin: aae6ddcaf6ad404d8e2ace47464347f93ae01f50
  SYWechatOpenSDK: f93b2e77a3ea8cdb70d535ec1605a5612bac72d6

PODFILE CHECKSUM: d4cf45c9a417143618ce2be51838be080929f4d1

COCOAPODS: 1.6.0.beta.1
